SITE
  remote: https://supermarket.getchef.com/api/v1
  specs:
    apt (2.7.0)
    build-essential (2.2.3)
    chef-sugar (3.1.1)
    database (4.0.6)
      postgresql (>= 1.0.0)
    java (1.31.0)
    jira (1.0.2)
      database (>= 0.0.0)
      java (>= 0.0.0)
      mysql (>= 0.0.0)
      openssl (>= 0.0.0)
      postgresql (>= 0.0.0)
    mysql (6.1.0)
      smf (>= 0.0.0)
      yum-mysql-community (>= 0.0.0)
    openssl (4.2.0)
      chef-sugar (>= 0.0.0)
    postgresql (3.4.16)
      apt (>= 1.9.0)
      build-essential (>= 0.0.0)
      openssl (>= 0.0.0)
    rbac (1.0.3)
    smf (2.2.7)
      rbac (>= 1.0.1)
    yum (3.6.3)
    yum-mysql-community (0.1.17)
      yum (>= 3.0)

DEPENDENCIES
  jira (>= 0)

